
Microsoft Visual Studio Solution File, Format Version 12.00
# Visual Studio Version 17
VisualStudioVersion = 17.13.35931.197 d17.13
MinimumVisualStudioVersion = 10.0.40219.1
Project("{FAE04EC0-301F-11D3-BF4B-00C04F79EFBC}") = "EmployeeMangment", "EmployeeMangment.csproj", "{40851B38-04A3-4D33-A7DC-251A8F3E82D2}"
EndProject
Global
	GlobalSection(SolutionConfigurationPlatforms) = preSolution
		Debug|Any CPU = Debug|Any CPU
		Release|Any CPU = Release|Any CPU
	EndGlobalSection
	GlobalSection(ProjectConfigurationPlatforms) = postSolution
		{40851B38-04A3-4D33-A7DC-251A8F3E82D2}.Debug|Any CPU.ActiveCfg = Debug|Any CPU
		{40851B38-04A3-4D33-A7DC-251A8F3E82D2}.Debug|Any CPU.Build.0 = Debug|Any CPU
		{40851B38-04A3-4D33-A7DC-251A8F3E82D2}.Release|Any CPU.ActiveCfg = Release|Any CPU
		{40851B38-04A3-4D33-A7DC-251A8F3E82D2}.Release|Any CPU.Build.0 = Release|Any CPU
	EndGlobalSection
	GlobalSection(SolutionProperties) = preSolution
		HideSolutionNode = FALSE
	EndGlobalSection
	GlobalSection(ExtensibilityGlobals) = postSolution
		SolutionGuid = {1681903E-7BA9-40AA-8C3F-86997A2BB53B}
	EndGlobalSection
EndGlobal
